
Microsoft Visual Studio Solution File, Format Version 12.00
# Visual Studio Version 16
VisualStudioVersion = 16.0.31313.79
MinimumVisualStudioVersion = 10.0.40219.1
Project("{FAE04EC0-301F-11D3-BF4B-00C04F79EFBC}") = "Avanade.SubTCSE.Projeto.Api", "Avanade.SubTCSE.Projeto.Api\Avanade.SubTCSE.Projeto.Api.csproj", "{0CD18092-5791-44BC-A776-A096ABCD2AA6}"
EndProject
Global
	GlobalSection(SolutionConfigurationPlatforms) = preSolution
		Debug|Any CPU = Debug|Any CPU
		Release|Any CPU = Release|Any CPU
	EndGlobalSection
	GlobalSection(ProjectConfigurationPlatforms) = postSolution
		{0CD18092-5791-44BC-A776-A096ABCD2AA6}.Debug|Any CPU.ActiveCfg = Debug|Any CPU
		{0CD18092-5791-44BC-A776-A096ABCD2AA6}.Debug|Any CPU.Build.0 = Debug|Any CPU
		{0CD18092-5791-44BC-A776-A096ABCD2AA6}.Release|Any CPU.ActiveCfg = Release|Any CPU
		{0CD18092-5791-44BC-A776-A096ABCD2AA6}.Release|Any CPU.Build.0 = Release|Any CPU
	EndGlobalSection
	GlobalSection(SolutionProperties) = preSolution
		HideSolutionNode = FALSE
	EndGlobalSection
	GlobalSection(ExtensibilityGlobals) = postSolution
		SolutionGuid = {24BDE382-5742-4F39-964A-CB26E7050397}
	EndGlobalSection
EndGlobal
